{
  "originHash" : "d2193d17f93e91c8e5dffb0c5d4e2b97c91c024f551392b4cc3321b11a9496a3",
  "pins" : [
    {
      "identity" : "capacitor-swift-pm",
      "kind" : "remoteSourceControl",
      "location" : "https://github.com/ionic-team/capacitor-swift-pm.git",
      "state" : {
        "revision" : "3e7ccfb8ab4d321ffcbd4e490234758e139f8a09",
        "version" : "8.0.1"
      }
    }
  ],
  "version" : 3
}
